
Microsoft Visual Studio Solution File, Format Version 12.00
# Visual Studio Version 16
VisualStudioVersion = 16.0.32228.343
MinimumVisualStudioVersion = 10.0.40219.1
Project("{8BC9CEB8-8B4A-11D0-8D11-00A0C91BC942}") = "떡볶이떡만들기", "떡볶이떡만들기\떡볶이떡만들기.vcxproj", "{4687B43B-CE3A-432A-94CA-C3803FBC2C46}"
EndProject
Global
	GlobalSection(SolutionConfigurationPlatforms) = preSolution
		Debug|x64 = Debug|x64
		Debug|x86 = Debug|x86
		Release|x64 = Release|x64
		Release|x86 = Release|x86
	EndGlobalSection
	GlobalSection(ProjectConfigurationPlatforms) = postSolution
		{4687B43B-CE3A-432A-94CA-C3803FBC2C46}.Debug|x64.ActiveCfg = Debug|x64
		{4687B43B-CE3A-432A-94CA-C3803FBC2C46}.Debug|x64.Build.0 = Debug|x64
		{4687B43B-CE3A-432A-94CA-C3803FBC2C46}.Debug|x86.ActiveCfg = Debug|Win32
		{4687B43B-CE3A-432A-94CA-C3803FBC2C46}.Debug|x86.Build.0 = Debug|Win32
		{4687B43B-CE3A-432A-94CA-C3803FBC2C46}.Release|x64.ActiveCfg = Release|x64
		{4687B43B-CE3A-432A-94CA-C3803FBC2C46}.Release|x64.Build.0 = Release|x64
		{4687B43B-CE3A-432A-94CA-C3803FBC2C46}.Release|x86.ActiveCfg = Release|Win32
		{4687B43B-CE3A-432A-94CA-C3803FBC2C46}.Release|x86.Build.0 = Release|Win32
	EndGlobalSection
	GlobalSection(SolutionProperties) = preSolution
		HideSolutionNode = FALSE
	EndGlobalSection
	GlobalSection(ExtensibilityGlobals) = postSolution
		SolutionGuid = {9A0CA640-61BC-4CA7-82F0-7F933127679E}
	EndGlobalSection
EndGlobal
